
Microsoft Visual Studio Solution File, Format Version 11.00
# Visual Studio 2010
Project("{8BC9CEB8-8B4A-11D0-8D11-00A0C91BC942}") = "Objectville", "Objectville\Objectville.vcxproj", "{3033DAEC-59B7-47F1-B0F6-1F00AF635EED}"
EndProject
Project("{2150E333-8FDC-42A3-9474-1A3956D46DE8}") = "Solution Items", "Solution Items", "{59A6FC5C-403D-4BA1-AB4D-49496DCB972E}"
EndProject
Project("{8BC9CEB8-8B4A-11D0-8D11-00A0C91BC942}") = "Simulator", "Simulator\Simulator.vcxproj", "{895102DF-7A6B-4FEE-97CC-EFA122AB80F1}"
EndProject
Global
	GlobalSection(SolutionConfigurationPlatforms) = preSolution
		Debug|Mixed Platforms = Debug|Mixed Platforms
		Debug|Win32 = Debug|Win32
		Debug|x86 = Debug|x86
		Release|Mixed Platforms = Release|Mixed Platforms
		Release|Win32 = Release|Win32
		Release|x86 = Release|x86
	EndGlobalSection
	GlobalSection(ProjectConfigurationPlatforms) = postSolution
		{3033DAEC-59B7-47F1-B0F6-1F00AF635EED}.Debug|Mixed Platforms.ActiveCfg = Debug|Win32
		{3033DAEC-59B7-47F1-B0F6-1F00AF635EED}.Debug|Mixed Platforms.Build.0 = Debug|Win32
		{3033DAEC-59B7-47F1-B0F6-1F00AF635EED}.Debug|Win32.ActiveCfg = Debug|Win32
		{3033DAEC-59B7-47F1-B0F6-1F00AF635EED}.Debug|Win32.Build.0 = Debug|Win32
		{3033DAEC-59B7-47F1-B0F6-1F00AF635EED}.Debug|x86.ActiveCfg = Debug|Win32
		{3033DAEC-59B7-47F1-B0F6-1F00AF635EED}.Release|Mixed Platforms.ActiveCfg = Release|Win32
		{3033DAEC-59B7-47F1-B0F6-1F00AF635EED}.Release|Mixed Platforms.Build.0 = Release|Win32
		{3033DAEC-59B7-47F1-B0F6-1F00AF635EED}.Release|Win32.ActiveCfg = Release|Win32
		{3033DAEC-59B7-47F1-B0F6-1F00AF635EED}.Release|Win32.Build.0 = Release|Win32
		{3033DAEC-59B7-47F1-B0F6-1F00AF635EED}.Release|x86.ActiveCfg = Release|Win32
		{895102DF-7A6B-4FEE-97CC-EFA122AB80F1}.Debug|Mixed Platforms.ActiveCfg = Debug|Win32
		{895102DF-7A6B-4FEE-97CC-EFA122AB80F1}.Debug|Mixed Platforms.Build.0 = Debug|Win32
		{895102DF-7A6B-4FEE-97CC-EFA122AB80F1}.Debug|Win32.ActiveCfg = Debug|Win32
		{895102DF-7A6B-4FEE-97CC-EFA122AB80F1}.Debug|Win32.Build.0 = Debug|Win32
		{895102DF-7A6B-4FEE-97CC-EFA122AB80F1}.Debug|x86.ActiveCfg = Debug|Win32
		{895102DF-7A6B-4FEE-97CC-EFA122AB80F1}.Release|Mixed Platforms.ActiveCfg = Release|Win32
		{895102DF-7A6B-4FEE-97CC-EFA122AB80F1}.Release|Mixed Platforms.Build.0 = Release|Win32
		{895102DF-7A6B-4FEE-97CC-EFA122AB80F1}.Release|Win32.ActiveCfg = Release|Win32
		{895102DF-7A6B-4FEE-97CC-EFA122AB80F1}.Release|Win32.Build.0 = Release|Win32
		{895102DF-7A6B-4FEE-97CC-EFA122AB80F1}.Release|x86.ActiveCfg = Release|Win32
	EndGlobalSection
	GlobalSection(SolutionProperties) = preSolution
		HideSolutionNode = FALSE
	EndGlobalSection
EndGlobal
